
Microsoft Visual Studio Solution File, Format Version 12.00
# Visual Studio Version 17
VisualStudioVersion = 17.9.34728.123
MinimumVisualStudioVersion = 10.0.40219.1
Project("{FAE04EC0-301F-11D3-BF4B-00C04F79EFBC}") = "WeatherApp", "WeatherApp\WeatherApp.csproj", "{66AC9DB5-3578-4ED6-820A-4AEA3C679320}"
EndProject
Global
	GlobalSection(SolutionConfigurationPlatforms) = preSolution
		Debug|Any CPU = Debug|Any CPU
		Release|Any CPU = Release|Any CPU
	EndGlobalSection
	GlobalSection(ProjectConfigurationPlatforms) = postSolution
		{66AC9DB5-3578-4ED6-820A-4AEA3C679320}.Debug|Any CPU.ActiveCfg = Debug|Any CPU
		{66AC9DB5-3578-4ED6-820A-4AEA3C679320}.Debug|Any CPU.Build.0 = Debug|Any CPU
		{66AC9DB5-3578-4ED6-820A-4AEA3C679320}.Release|Any CPU.ActiveCfg = Release|Any CPU
		{66AC9DB5-3578-4ED6-820A-4AEA3C679320}.Release|Any CPU.Build.0 = Release|Any CPU
	EndGlobalSection
	GlobalSection(SolutionProperties) = preSolution
		HideSolutionNode = FALSE
	EndGlobalSection
	GlobalSection(ExtensibilityGlobals) = postSolution
		SolutionGuid = {641C5191-0B13-4796-A601-982FE437322E}
	EndGlobalSection
EndGlobal
